PODS:
  - Kingfisher (5.15.7):
    - Kingfisher/Core (= 5.15.7)
  - Kingfisher/Core (5.15.7)
  - ReachabilitySwift (5.0.0)

DEPENDENCIES:
  - Kingfisher (~> 5.13)
  - ReachabilitySwift

SPEC REPOS:
  trunk:
    - Kingfisher
    - ReachabilitySwift

SPEC CHECKSUMS:
  Kingfisher: 6e1a13523fcb1c86924ce53affe4ac957e544d59
  ReachabilitySwift: 985039c6f7b23a1da463388634119492ff86c825

PODFILE CHECKSUM: 62992f82c6e924c7f993994724adbf7215edf995

COCOAPODS: 1.9.3
